
Microsoft Visual Studio Solution File, Format Version 12.00
# Visual Studio Version 16
VisualStudioVersion = 16.0.32228.343
MinimumVisualStudioVersion = 10.0.40219.1
Project("{FAE04EC0-301F-11D3-BF4B-00C04F79EFBC}") = "Baroque.K2.Constrols.Console", "Baroque.K2.Constrols.Console\Baroque.K2.Constrols.Console.csproj", "{8643717C-B1CE-421D-8016-2FD085173A34}"
EndProject
Global
	GlobalSection(SolutionConfigurationPlatforms) = preSolution
		Debug|Any CPU = Debug|Any CPU
		Release|Any CPU = Release|Any CPU
	EndGlobalSection
	GlobalSection(ProjectConfigurationPlatforms) = postSolution
		{8643717C-B1CE-421D-8016-2FD085173A34}.Debug|Any CPU.ActiveCfg = Debug|Any CPU
		{8643717C-B1CE-421D-8016-2FD085173A34}.Debug|Any CPU.Build.0 = Debug|Any CPU
		{8643717C-B1CE-421D-8016-2FD085173A34}.Release|Any CPU.ActiveCfg = Release|Any CPU
		{8643717C-B1CE-421D-8016-2FD085173A34}.Release|Any CPU.Build.0 = Release|Any CPU
	EndGlobalSection
	GlobalSection(SolutionProperties) = preSolution
		HideSolutionNode = FALSE
	EndGlobalSection
	GlobalSection(ExtensibilityGlobals) = postSolution
		SolutionGuid = {1481B9F8-8925-415E-8A7F-7214BE756E01}
	EndGlobalSection
EndGlobal
